
Microsoft Visual Studio Solution File, Format Version 12.00
# Visual Studio Version 17
VisualStudioVersion = 17.11.35312.102
MinimumVisualStudioVersion = 10.0.40219.1
Project("{FAE04EC0-301F-11D3-BF4B-00C04F79EFBC}") = "Odev50_DiziKaristici", "Odev50_DiziKaristici.csproj", "{F8BAF686-BCB3-45F3-918F-3F937630FB9C}"
EndProject
Global
	GlobalSection(SolutionConfigurationPlatforms) = preSolution
		Debug|Any CPU = Debug|Any CPU
		Release|Any CPU = Release|Any CPU
	EndGlobalSection
	GlobalSection(ProjectConfigurationPlatforms) = postSolution
		{F8BAF686-BCB3-45F3-918F-3F937630FB9C}.Debug|Any CPU.ActiveCfg = Debug|Any CPU
		{F8BAF686-BCB3-45F3-918F-3F937630FB9C}.Debug|Any CPU.Build.0 = Debug|Any CPU
		{F8BAF686-BCB3-45F3-918F-3F937630FB9C}.Release|Any CPU.ActiveCfg = Release|Any CPU
		{F8BAF686-BCB3-45F3-918F-3F937630FB9C}.Release|Any CPU.Build.0 = Release|Any CPU
	EndGlobalSection
	GlobalSection(SolutionProperties) = preSolution
		HideSolutionNode = FALSE
	EndGlobalSection
	GlobalSection(ExtensibilityGlobals) = postSolution
		SolutionGuid = {3800754A-B2AE-40F2-A9DE-2F9E7C07BDFF}
	EndGlobalSection
EndGlobal
