
Microsoft Visual Studio Solution File, Format Version 12.00
# Visual Studio Version 17
VisualStudioVersion = 17.11.35312.102
MinimumVisualStudioVersion = 10.0.40219.1
Project("{FAE04EC0-301F-11D3-BF4B-00C04F79EFBC}") = "NorthwiwndTest", "NorthwiwndTest.csproj", "{1DDBD4FE-ED8F-45C7-8275-3BCD70640025}"
EndProject
Global
	GlobalSection(SolutionConfigurationPlatforms) = preSolution
		Debug|Any CPU = Debug|Any CPU
		Release|Any CPU = Release|Any CPU
	EndGlobalSection
	GlobalSection(ProjectConfigurationPlatforms) = postSolution
		{1DDBD4FE-ED8F-45C7-8275-3BCD70640025}.Debug|Any CPU.ActiveCfg = Debug|Any CPU
		{1DDBD4FE-ED8F-45C7-8275-3BCD70640025}.Debug|Any CPU.Build.0 = Debug|Any CPU
		{1DDBD4FE-ED8F-45C7-8275-3BCD70640025}.Release|Any CPU.ActiveCfg = Release|Any CPU
		{1DDBD4FE-ED8F-45C7-8275-3BCD70640025}.Release|Any CPU.Build.0 = Release|Any CPU
	EndGlobalSection
	GlobalSection(SolutionProperties) = preSolution
		HideSolutionNode = FALSE
	EndGlobalSection
	GlobalSection(ExtensibilityGlobals) = postSolution
		SolutionGuid = {D5F1659E-7422-492C-A927-2A121E9E710B}
	EndGlobalSection
EndGlobal
