
Microsoft Visual Studio Solution File, Format Version 12.00
# Visual Studio Version 17
VisualStudioVersion = 17.9.34902.65
MinimumVisualStudioVersion = 10.0.40219.1
Project("{FAE04EC0-301F-11D3-BF4B-00C04F79EFBC}") = "Lesson14_SiniflarMetodlar", "Lesson14_SiniflarMetodlar.csproj", "{AFAF90B1-FC37-4E3D-BC5F-FCBC812A04E5}"
EndProject
Global
	GlobalSection(SolutionConfigurationPlatforms) = preSolution
		Debug|Any CPU = Debug|Any CPU
		Release|Any CPU = Release|Any CPU
	EndGlobalSection
	GlobalSection(ProjectConfigurationPlatforms) = postSolution
		{AFAF90B1-FC37-4E3D-BC5F-FCBC812A04E5}.Debug|Any CPU.ActiveCfg = Debug|Any CPU
		{AFAF90B1-FC37-4E3D-BC5F-FCBC812A04E5}.Debug|Any CPU.Build.0 = Debug|Any CPU
		{AFAF90B1-FC37-4E3D-BC5F-FCBC812A04E5}.Release|Any CPU.ActiveCfg = Release|Any CPU
		{AFAF90B1-FC37-4E3D-BC5F-FCBC812A04E5}.Release|Any CPU.Build.0 = Release|Any CPU
	EndGlobalSection
	GlobalSection(SolutionProperties) = preSolution
		HideSolutionNode = FALSE
	EndGlobalSection
	GlobalSection(ExtensibilityGlobals) = postSolution
		SolutionGuid = {FD838D71-F42B-48AC-95D4-A627F81ED310}
	EndGlobalSection
EndGlobal
