
Microsoft Visual Studio Solution File, Format Version 12.00
# Visual Studio Version 17
VisualStudioVersion = 17.9.34902.65
MinimumVisualStudioVersion = 10.0.40219.1
Project("{FAE04EC0-301F-11D3-BF4B-00C04F79EFBC}") = "Lesson15_Struct_Yapilar", "Lesson15_Struct_Yapilar.csproj", "{2054CBEA-16BB-4989-8963-EE75BEBE80EF}"
EndProject
Global
	GlobalSection(SolutionConfigurationPlatforms) = preSolution
		Debug|Any CPU = Debug|Any CPU
		Release|Any CPU = Release|Any CPU
	EndGlobalSection
	GlobalSection(ProjectConfigurationPlatforms) = postSolution
		{2054CBEA-16BB-4989-8963-EE75BEBE80EF}.Debug|Any CPU.ActiveCfg = Debug|Any CPU
		{2054CBEA-16BB-4989-8963-EE75BEBE80EF}.Debug|Any CPU.Build.0 = Debug|Any CPU
		{2054CBEA-16BB-4989-8963-EE75BEBE80EF}.Release|Any CPU.ActiveCfg = Release|Any CPU
		{2054CBEA-16BB-4989-8963-EE75BEBE80EF}.Release|Any CPU.Build.0 = Release|Any CPU
	EndGlobalSection
	GlobalSection(SolutionProperties) = preSolution
		HideSolutionNode = FALSE
	EndGlobalSection
	GlobalSection(ExtensibilityGlobals) = postSolution
		SolutionGuid = {FF229AD5-DD5A-4EDB-A133-7780EC468B5F}
	EndGlobalSection
EndGlobal
