
Microsoft Visual Studio Solution File, Format Version 12.00
# Visual Studio Version 17
VisualStudioVersion = 17.11.35312.102
MinimumVisualStudioVersion = 10.0.40219.1
Project("{FAE04EC0-301F-11D3-BF4B-00C04F79EFBC}") = "Odev21_Fibonacci", "Odev21_Fibonacci.csproj", "{75C7C8EA-C94C-4876-BF44-F469A4E7E376}"
EndProject
Global
	GlobalSection(SolutionConfigurationPlatforms) = preSolution
		Debug|Any CPU = Debug|Any CPU
		Release|Any CPU = Release|Any CPU
	EndGlobalSection
	GlobalSection(ProjectConfigurationPlatforms) = postSolution
		{75C7C8EA-C94C-4876-BF44-F469A4E7E376}.Debug|Any CPU.ActiveCfg = Debug|Any CPU
		{75C7C8EA-C94C-4876-BF44-F469A4E7E376}.Debug|Any CPU.Build.0 = Debug|Any CPU
		{75C7C8EA-C94C-4876-BF44-F469A4E7E376}.Release|Any CPU.ActiveCfg = Release|Any CPU
		{75C7C8EA-C94C-4876-BF44-F469A4E7E376}.Release|Any CPU.Build.0 = Release|Any CPU
	EndGlobalSection
	GlobalSection(SolutionProperties) = preSolution
		HideSolutionNode = FALSE
	EndGlobalSection
	GlobalSection(ExtensibilityGlobals) = postSolution
		SolutionGuid = {DE08DBCD-9892-410B-9875-3430D17DA7A6}
	EndGlobalSection
EndGlobal
