
Microsoft Visual Studio Solution File, Format Version 12.00
# Visual Studio Version 17
VisualStudioVersion = 17.11.35312.102
MinimumVisualStudioVersion = 10.0.40219.1
Project("{FAE04EC0-301F-11D3-BF4B-00C04F79EFBC}") = "Odev02_Class_Araba", "Odev02_Class_Araba.csproj", "{B67FE03F-7ABA-40E0-8496-2F2201CDA076}"
EndProject
Global
	GlobalSection(SolutionConfigurationPlatforms) = preSolution
		Debug|Any CPU = Debug|Any CPU
		Release|Any CPU = Release|Any CPU
	EndGlobalSection
	GlobalSection(ProjectConfigurationPlatforms) = postSolution
		{B67FE03F-7ABA-40E0-8496-2F2201CDA076}.Debug|Any CPU.ActiveCfg = Debug|Any CPU
		{B67FE03F-7ABA-40E0-8496-2F2201CDA076}.Debug|Any CPU.Build.0 = Debug|Any CPU
		{B67FE03F-7ABA-40E0-8496-2F2201CDA076}.Release|Any CPU.ActiveCfg = Release|Any CPU
		{B67FE03F-7ABA-40E0-8496-2F2201CDA076}.Release|Any CPU.Build.0 = Release|Any CPU
	EndGlobalSection
	GlobalSection(SolutionProperties) = preSolution
		HideSolutionNode = FALSE
	EndGlobalSection
	GlobalSection(ExtensibilityGlobals) = postSolution
		SolutionGuid = {4ADF0A50-789A-4E68-90D8-1F53608C9F20}
	EndGlobalSection
EndGlobal
