
Microsoft Visual Studio Solution File, Format Version 12.00
# Visual Studio Version 17
VisualStudioVersion = 17.9.34902.65
MinimumVisualStudioVersion = 10.0.40219.1
Project("{FAE04EC0-301F-11D3-BF4B-00C04F79EFBC}") = "Project03_HelloWorld", "Project03_HelloWorld.csproj", "{CE135086-D367-46C6-BE05-ADC39B2322EE}"
EndProject
Global
	GlobalSection(SolutionConfigurationPlatforms) = preSolution
		Debug|Any CPU = Debug|Any CPU
		Release|Any CPU = Release|Any CPU
	EndGlobalSection
	GlobalSection(ProjectConfigurationPlatforms) = postSolution
		{CE135086-D367-46C6-BE05-ADC39B2322EE}.Debug|Any CPU.ActiveCfg = Debug|Any CPU
		{CE135086-D367-46C6-BE05-ADC39B2322EE}.Debug|Any CPU.Build.0 = Debug|Any CPU
		{CE135086-D367-46C6-BE05-ADC39B2322EE}.Release|Any CPU.ActiveCfg = Release|Any CPU
		{CE135086-D367-46C6-BE05-ADC39B2322EE}.Release|Any CPU.Build.0 = Release|Any CPU
	EndGlobalSection
	GlobalSection(SolutionProperties) = preSolution
		HideSolutionNode = FALSE
	EndGlobalSection
	GlobalSection(ExtensibilityGlobals) = postSolution
		SolutionGuid = {B273DE32-B415-43A8-A2D3-266F91C8726D}
	EndGlobalSection
EndGlobal
