
Microsoft Visual Studio Solution File, Format Version 12.00
# Visual Studio Version 17
VisualStudioVersion = 17.11.35312.102
MinimumVisualStudioVersion = 10.0.40219.1
Project("{FAE04EC0-301F-11D3-BF4B-00C04F79EFBC}") = "Odev46_RakamTersCevir", "Odev46_RakamTersCevir.csproj", "{746B3947-27F7-4AA8-9235-CDA49C6C0673}"
EndProject
Global
	GlobalSection(SolutionConfigurationPlatforms) = preSolution
		Debug|Any CPU = Debug|Any CPU
		Release|Any CPU = Release|Any CPU
	EndGlobalSection
	GlobalSection(ProjectConfigurationPlatforms) = postSolution
		{746B3947-27F7-4AA8-9235-CDA49C6C0673}.Debug|Any CPU.ActiveCfg = Debug|Any CPU
		{746B3947-27F7-4AA8-9235-CDA49C6C0673}.Debug|Any CPU.Build.0 = Debug|Any CPU
		{746B3947-27F7-4AA8-9235-CDA49C6C0673}.Release|Any CPU.ActiveCfg = Release|Any CPU
		{746B3947-27F7-4AA8-9235-CDA49C6C0673}.Release|Any CPU.Build.0 = Release|Any CPU
	EndGlobalSection
	GlobalSection(SolutionProperties) = preSolution
		HideSolutionNode = FALSE
	EndGlobalSection
	GlobalSection(ExtensibilityGlobals) = postSolution
		SolutionGuid = {22BC9DBC-79A3-43B1-81B4-79690E3BAF3C}
	EndGlobalSection
EndGlobal
