
Microsoft Visual Studio Solution File, Format Version 12.00
# Visual Studio Version 17
VisualStudioVersion = 17.11.35312.102
MinimumVisualStudioVersion = 10.0.40219.1
Project("{FAE04EC0-301F-11D3-BF4B-00C04F79EFBC}") = "Odev04_PozitifNegatif", "Odev04_PozitifNegatif.csproj", "{1BDF303D-3B96-4C76-B502-9611BBFE863D}"
EndProject
Global
	GlobalSection(SolutionConfigurationPlatforms) = preSolution
		Debug|Any CPU = Debug|Any CPU
		Release|Any CPU = Release|Any CPU
	EndGlobalSection
	GlobalSection(ProjectConfigurationPlatforms) = postSolution
		{1BDF303D-3B96-4C76-B502-9611BBFE863D}.Debug|Any CPU.ActiveCfg = Debug|Any CPU
		{1BDF303D-3B96-4C76-B502-9611BBFE863D}.Debug|Any CPU.Build.0 = Debug|Any CPU
		{1BDF303D-3B96-4C76-B502-9611BBFE863D}.Release|Any CPU.ActiveCfg = Release|Any CPU
		{1BDF303D-3B96-4C76-B502-9611BBFE863D}.Release|Any CPU.Build.0 = Release|Any CPU
	EndGlobalSection
	GlobalSection(SolutionProperties) = preSolution
		HideSolutionNode = FALSE
	EndGlobalSection
	GlobalSection(ExtensibilityGlobals) = postSolution
		SolutionGuid = {4ACC12B6-5E10-4732-BA01-B4D4D27D3CE1}
	EndGlobalSection
EndGlobal
