
Microsoft Visual Studio Solution File, Format Version 12.00
# Visual Studio Version 17
VisualStudioVersion = 17.11.35312.102
MinimumVisualStudioVersion = 10.0.40219.1
Project("{FAE04EC0-301F-11D3-BF4B-00C04F79EFBC}") = "Odev05_10_Elemanli_Dizi_Yazdirma", "Odev05_10_Elemanli_Dizi_Yazdirma.csproj", "{4DB8657C-E430-44FE-8B22-5C0C34BCCEBA}"
EndProject
Global
	GlobalSection(SolutionConfigurationPlatforms) = preSolution
		Debug|Any CPU = Debug|Any CPU
		Release|Any CPU = Release|Any CPU
	EndGlobalSection
	GlobalSection(ProjectConfigurationPlatforms) = postSolution
		{4DB8657C-E430-44FE-8B22-5C0C34BCCEBA}.Debug|Any CPU.ActiveCfg = Debug|Any CPU
		{4DB8657C-E430-44FE-8B22-5C0C34BCCEBA}.Debug|Any CPU.Build.0 = Debug|Any CPU
		{4DB8657C-E430-44FE-8B22-5C0C34BCCEBA}.Release|Any CPU.ActiveCfg = Release|Any CPU
		{4DB8657C-E430-44FE-8B22-5C0C34BCCEBA}.Release|Any CPU.Build.0 = Release|Any CPU
	EndGlobalSection
	GlobalSection(SolutionProperties) = preSolution
		HideSolutionNode = FALSE
	EndGlobalSection
	GlobalSection(ExtensibilityGlobals) = postSolution
		SolutionGuid = {58FCBEFA-E0F6-4D1B-8732-C79A5E716D80}
	EndGlobalSection
EndGlobal
