
Microsoft Visual Studio Solution File, Format Version 12.00
# Visual Studio Version 17
VisualStudioVersion = 17.9.34902.65
MinimumVisualStudioVersion = 10.0.40219.1
Project("{FAE04EC0-301F-11D3-BF4B-00C04F79EFBC}") = "Proje05_AspNetCoreEmpty", "Proje05_AspNetCoreEmpty\Proje05_AspNetCoreEmpty.csproj", "{5FA5AE9B-4CB0-4203-91E7-17E895611BD5}"
EndProject
Global
	GlobalSection(SolutionConfigurationPlatforms) = preSolution
		Debug|Any CPU = Debug|Any CPU
		Release|Any CPU = Release|Any CPU
	EndGlobalSection
	GlobalSection(ProjectConfigurationPlatforms) = postSolution
		{5FA5AE9B-4CB0-4203-91E7-17E895611BD5}.Debug|Any CPU.ActiveCfg = Debug|Any CPU
		{5FA5AE9B-4CB0-4203-91E7-17E895611BD5}.Debug|Any CPU.Build.0 = Debug|Any CPU
		{5FA5AE9B-4CB0-4203-91E7-17E895611BD5}.Release|Any CPU.ActiveCfg = Release|Any CPU
		{5FA5AE9B-4CB0-4203-91E7-17E895611BD5}.Release|Any CPU.Build.0 = Release|Any CPU
	EndGlobalSection
	GlobalSection(SolutionProperties) = preSolution
		HideSolutionNode = FALSE
	EndGlobalSection
	GlobalSection(ExtensibilityGlobals) = postSolution
		SolutionGuid = {153A5B33-F59F-461B-A96F-0F23C13B2A27}
	EndGlobalSection
EndGlobal
