
Microsoft Visual Studio Solution File, Format Version 12.00
# Visual Studio Version 17
VisualStudioVersion = 17.11.35312.102
MinimumVisualStudioVersion = 10.0.40219.1
Project("{FAE04EC0-301F-11D3-BF4B-00C04F79EFBC}") = "Odev33_2SayiTopla1Arttir", "Odev33_2SayiTopla1Arttir.csproj", "{E00DCE15-A036-4A93-8174-4E9E6F97D5B9}"
EndProject
Global
	GlobalSection(SolutionConfigurationPlatforms) = preSolution
		Debug|Any CPU = Debug|Any CPU
		Release|Any CPU = Release|Any CPU
	EndGlobalSection
	GlobalSection(ProjectConfigurationPlatforms) = postSolution
		{E00DCE15-A036-4A93-8174-4E9E6F97D5B9}.Debug|Any CPU.ActiveCfg = Debug|Any CPU
		{E00DCE15-A036-4A93-8174-4E9E6F97D5B9}.Debug|Any CPU.Build.0 = Debug|Any CPU
		{E00DCE15-A036-4A93-8174-4E9E6F97D5B9}.Release|Any CPU.ActiveCfg = Release|Any CPU
		{E00DCE15-A036-4A93-8174-4E9E6F97D5B9}.Release|Any CPU.Build.0 = Release|Any CPU
	EndGlobalSection
	GlobalSection(SolutionProperties) = preSolution
		HideSolutionNode = FALSE
	EndGlobalSection
	GlobalSection(ExtensibilityGlobals) = postSolution
		SolutionGuid = {27523966-80FC-4A36-B7D6-73CDFD679F5A}
	EndGlobalSection
EndGlobal
