
Microsoft Visual Studio Solution File, Format Version 12.00
# Visual Studio Version 17
VisualStudioVersion = 17.11.35312.102
MinimumVisualStudioVersion = 10.0.40219.1
Project("{FAE04EC0-301F-11D3-BF4B-00C04F79EFBC}") = "Odev40_SayiBolenleri", "Odev40_SayiBolenleri.csproj", "{842E417A-80D4-475C-8D18-FAE65D160436}"
EndProject
Global
	GlobalSection(SolutionConfigurationPlatforms) = preSolution
		Debug|Any CPU = Debug|Any CPU
		Release|Any CPU = Release|Any CPU
	EndGlobalSection
	GlobalSection(ProjectConfigurationPlatforms) = postSolution
		{842E417A-80D4-475C-8D18-FAE65D160436}.Debug|Any CPU.ActiveCfg = Debug|Any CPU
		{842E417A-80D4-475C-8D18-FAE65D160436}.Debug|Any CPU.Build.0 = Debug|Any CPU
		{842E417A-80D4-475C-8D18-FAE65D160436}.Release|Any CPU.ActiveCfg = Release|Any CPU
		{842E417A-80D4-475C-8D18-FAE65D160436}.Release|Any CPU.Build.0 = Release|Any CPU
	EndGlobalSection
	GlobalSection(SolutionProperties) = preSolution
		HideSolutionNode = FALSE
	EndGlobalSection
	GlobalSection(ExtensibilityGlobals) = postSolution
		SolutionGuid = {0753708A-B186-4567-91F5-0646B762DE23}
	EndGlobalSection
EndGlobal
