
Microsoft Visual Studio Solution File, Format Version 12.00
# Visual Studio Version 17
VisualStudioVersion = 17.11.35312.102
MinimumVisualStudioVersion = 10.0.40219.1
Project("{FAE04EC0-301F-11D3-BF4B-00C04F79EFBC}") = "Odev30_Polindrom", "Odev30_Polindrom.csproj", "{5008CCD5-3369-46F3-9E0A-8A27DB712440}"
EndProject
Global
	GlobalSection(SolutionConfigurationPlatforms) = preSolution
		Debug|Any CPU = Debug|Any CPU
		Release|Any CPU = Release|Any CPU
	EndGlobalSection
	GlobalSection(ProjectConfigurationPlatforms) = postSolution
		{5008CCD5-3369-46F3-9E0A-8A27DB712440}.Debug|Any CPU.ActiveCfg = Debug|Any CPU
		{5008CCD5-3369-46F3-9E0A-8A27DB712440}.Debug|Any CPU.Build.0 = Debug|Any CPU
		{5008CCD5-3369-46F3-9E0A-8A27DB712440}.Release|Any CPU.ActiveCfg = Release|Any CPU
		{5008CCD5-3369-46F3-9E0A-8A27DB712440}.Release|Any CPU.Build.0 = Release|Any CPU
	EndGlobalSection
	GlobalSection(SolutionProperties) = preSolution
		HideSolutionNode = FALSE
	EndGlobalSection
	GlobalSection(ExtensibilityGlobals) = postSolution
		SolutionGuid = {B5BB5139-C1FD-48B5-9E33-A91A77FF21AF}
	EndGlobalSection
EndGlobal
