
Microsoft Visual Studio Solution File, Format Version 12.00
# Visual Studio Version 17
VisualStudioVersion = 17.11.35312.102
MinimumVisualStudioVersion = 10.0.40219.1
Project("{FAE04EC0-301F-11D3-BF4B-00C04F79EFBC}") = "Odev_05_Class_Musteri", "Odev_05_Class_Musteri.csproj", "{7F923BD4-CEC0-42FE-A746-F94E7E444B6D}"
EndProject
Global
	GlobalSection(SolutionConfigurationPlatforms) = preSolution
		Debug|Any CPU = Debug|Any CPU
		Release|Any CPU = Release|Any CPU
	EndGlobalSection
	GlobalSection(ProjectConfigurationPlatforms) = postSolution
		{7F923BD4-CEC0-42FE-A746-F94E7E444B6D}.Debug|Any CPU.ActiveCfg = Debug|Any CPU
		{7F923BD4-CEC0-42FE-A746-F94E7E444B6D}.Debug|Any CPU.Build.0 = Debug|Any CPU
		{7F923BD4-CEC0-42FE-A746-F94E7E444B6D}.Release|Any CPU.ActiveCfg = Release|Any CPU
		{7F923BD4-CEC0-42FE-A746-F94E7E444B6D}.Release|Any CPU.Build.0 = Release|Any CPU
	EndGlobalSection
	GlobalSection(SolutionProperties) = preSolution
		HideSolutionNode = FALSE
	EndGlobalSection
	GlobalSection(ExtensibilityGlobals) = postSolution
		SolutionGuid = {F337A094-3DC5-4BF5-8ED9-4711E11F9840}
	EndGlobalSection
EndGlobal
