
Microsoft Visual Studio Solution File, Format Version 12.00
# Visual Studio Version 17
VisualStudioVersion = 17.9.34902.65
MinimumVisualStudioVersion = 10.0.40219.1
Project("{FAE04EC0-301F-11D3-BF4B-00C04F79EFBC}") = "Lesson12_Döngüler", "Lesson12_Döngüler.csproj", "{A3D0BC90-AA82-4141-924D-80E97F109167}"
EndProject
Global
	GlobalSection(SolutionConfigurationPlatforms) = preSolution
		Debug|Any CPU = Debug|Any CPU
		Release|Any CPU = Release|Any CPU
	EndGlobalSection
	GlobalSection(ProjectConfigurationPlatforms) = postSolution
		{A3D0BC90-AA82-4141-924D-80E97F109167}.Debug|Any CPU.ActiveCfg = Debug|Any CPU
		{A3D0BC90-AA82-4141-924D-80E97F109167}.Debug|Any CPU.Build.0 = Debug|Any CPU
		{A3D0BC90-AA82-4141-924D-80E97F109167}.Release|Any CPU.ActiveCfg = Release|Any CPU
		{A3D0BC90-AA82-4141-924D-80E97F109167}.Release|Any CPU.Build.0 = Release|Any CPU
	EndGlobalSection
	GlobalSection(SolutionProperties) = preSolution
		HideSolutionNode = FALSE
	EndGlobalSection
	GlobalSection(ExtensibilityGlobals) = postSolution
		SolutionGuid = {E478917E-7615-4694-AA55-B3BD922368D0}
	EndGlobalSection
EndGlobal
